
Microsoft Visual Studio Solution File, Format Version 12.00
# Visual Studio 15
Project("{FAE04EC0-301F-11D3-BF4B-00C04F79EFBC}") = "Assembly-CSharp", "Assembly-CSharp.csproj", "{A8AA8BF8-2DCF-A459-FB45-C935E4B27E9E}"
EndProject
Project("{FAE04EC0-301F-11D3-BF4B-00C04F79EFBC}") = "Assembly-CSharp-Editor", "Assembly-CSharp-Editor.csproj", "{F951FB78-B372-FEAD-FC15-E40AA5BFD0CA}"
EndProject
Global
	GlobalSection(SolutionConfigurationPlatforms) = preSolution
		Debug|Any CPU = Debug|Any CPU
		Release|Any CPU = Release|Any CPU
	EndGlobalSection
	GlobalSection(ProjectConfigurationPlatforms) = postSolution
		{A8AA8BF8-2DCF-A459-FB45-C935E4B27E9E}.Debug|Any CPU.ActiveCfg = Debug|Any CPU
		{A8AA8BF8-2DCF-A459-FB45-C935E4B27E9E}.Debug|Any CPU.Build.0 = Debug|Any CPU
		{A8AA8BF8-2DCF-A459-FB45-C935E4B27E9E}.Release|Any CPU.ActiveCfg = Release|Any CPU
		{A8AA8BF8-2DCF-A459-FB45-C935E4B27E9E}.Release|Any CPU.Build.0 = Release|Any CPU
		{F951FB78-B372-FEAD-FC15-E40AA5BFD0CA}.Debug|Any CPU.ActiveCfg = Debug|Any CPU
		{F951FB78-B372-FEAD-FC15-E40AA5BFD0CA}.Debug|Any CPU.Build.0 = Debug|Any CPU
		{F951FB78-B372-FEAD-FC15-E40AA5BFD0CA}.Release|Any CPU.ActiveCfg = Release|Any CPU
		{F951FB78-B372-FEAD-FC15-E40AA5BFD0CA}.Release|Any CPU.Build.0 = Release|Any CPU
	EndGlobalSection
	GlobalSection(SolutionProperties) = preSolution
		HideSolutionNode = FALSE
	EndGlobalSection
EndGlobal
